// !$*UTF8*$!
{
	archiveVersion = 1;
	classes = {
	};
	objectVersion = 77;
	objects = {

/* Begin PBXBuildFile section */
		F85A70D92EE136BA0039EFCF /* Supabase in Frameworks */ = {isa = PBXBuildFile; productRef = F85A70D82EE136BA0039EFCF /* Supabase */; };
		F85A70DF2EE136BA0039EFCF /* Auth in Frameworks */ = {isa = PBXBuildFile; productRef = F85A70DE2EE136BA0039EFCF /* Auth */; };
		F85A70E32EE136BA0039EFCF /* PostgREST in Frameworks */ = {isa = PBXBuildFile; productRef = F85A70E22EE136BA0039EFCF /* PostgREST */; };
		F85A70E72EE136BA0039EFCF /* Storage in Frameworks */ = {isa = PBXBuildFile; productRef = F85A70E62EE136BA0039EFCF /* Storage */; };
/* End PBXBuildFile section */

/* Begin PBXContainerItemProxy section */
		F85A70BA2EE12D300039EFCF /* PBXContainerItemProxy */ = {
			isa = PBXContainerItemProxy;
			containerPortal = F85A709F2EE12D2E0039EFCF /* Project object */;
			proxyType = 1;
			remoteGlobalIDString = F85A70A62EE12D2E0039EFCF;
			remoteInfo = Pookie;
		};
		F85A70C42EE12D300039EFCF /* PBXContainerItemProxy */ = {
			isa = PBXContainerItemProxy;
			containerPortal = F85A709F2EE12D2E0039EFCF /* Project object */;
			proxyType = 1;
			remoteGlobalIDString = F85A70A62EE12D2E0039EFCF;
			remoteInfo = Pookie;
		};
/* End PBXContainerItemProxy section */

/* Begin PBXFileReference section */
		F85A70A72EE12D2E0039EFCF /* Pookie.app */ = {isa = PBXFileReference; explicitFileType = wrapper.application; includeInIndex = 0; path = Pookie.app; sourceTree = BUILT_PRODUCTS_DIR; };
		F85A70B92EE12D300039EFCF /* PookieTests.xctest */ = {isa = PBXFileReference; explicitFileType = wrapper.cfbundle; includeInIndex = 0; path = PookieTests.xctest; sourceTree = BUILT_PRODUCTS_DIR; };
		F85A70C32EE12D300039EFCF /* PookieUITests.xctest */ = {isa = PBXFileReference; explicitFileType = wrapper.cfbundle; includeInIndex = 0; path = PookieUITests.xctest; sourceTree = BUILT_PRODUCTS_DIR; };
/* End PBXFileReference section */

/* Begin PBXFileSystemSynchronizedRootGroup section */
		F85A70A92EE12D2E0039EFCF /* Pookie */ = {
			isa = PBXFileSystemSynchronizedRootGroup;
			path = Pookie;
			sourceTree = "<group>";
		};
		F85A70BC2EE12D300039EFCF /* PookieTests */ = {
			isa = PBXFileSystemSynchronizedRootGroup;
			path = PookieTests;
			sourceTree = "<group>";
		};
		F85A70C62EE12D300039EFCF /* PookieUITests */ = {
			isa = PBXFileSystemSynchronizedRootGroup;
			path = PookieUITests;
			sourceTree = "<group>";
		};
/* End PBXFileSystemSynchronizedRootGroup section */

/* Begin PBXFrameworksBuildPhase section */
		F85A70A42EE12D2E0039EFCF /* Frameworks */ = {
			isa = PBXFrameworksBuildPhase;
			buildActionMask = 2147483647;
			files = (
				F85A70D92EE136BA0039EFCF /* Supabase in Frameworks */,
				F85A70E32EE136BA0039EFCF /* PostgREST in Frameworks */,
				F85A70DF2EE136BA0039EFCF /* Auth in Frameworks */,
				F85A70E72EE136BA0039EFCF /* Storage in Frameworks */,
			);
			runOnlyForDeploymentPostprocessing = 0;
		};
		F85A70B62EE12D300039EFCF /* Frameworks */ = {
			isa = PBXFrameworksBuildPhase;
			buildActionMask = 2147483647;
			files = (
			);
			runOnlyForDeploymentPostprocessing = 0;
		};
		F85A70C02EE12D300039EFCF /* Frameworks */ = {
			isa = PBXFrameworksBuildPhase;
			buildActionMask = 2147483647;
			files = (
			);
			runOnlyForDeploymentPostprocessing = 0;
		};
/* End PBXFrameworksBuildPhase section */

/* Begin PBXGroup section */
		F85A709E2EE12D2E0039EFCF = {
			isa = PBXGroup;
			children = (
				F85A70A92EE12D2E0039EFCF /* Pookie */,
				F85A70BC2EE12D300039EFCF /* PookieTests */,
				F85A70C62EE12D300039EFCF /* PookieUITests */,
				F85A70A82EE12D2E0039EFCF /* Products */,
			);
			sourceTree = "<group>";
		};
		F85A70A82EE12D2E0039EFCF /* Products */ = {
			isa = PBXGroup;
			children = (
				F85A70A72EE12D2E0039EFCF /* Pookie.app */,
				F85A70B92EE12D300039EFCF /* PookieTests.xctest */,
				F85A70C32EE12D300039EFCF /* PookieUITests.xctest */,
			);
			name = Products;
			sourceTree = "<group>";
		};
/* End PBXGroup section */

/* Begin PBXNativeTarget section */
		F85A70A62EE12D2E0039EFCF /* Pookie */ = {
			isa = PBXNativeTarget;
			buildConfigurationList = F85A70CD2EE12D300039EFCF /* Build configuration list for PBXNativeTarget "Pookie" */;
			buildPhases = (
				F85A70A32EE12D2E0039EFCF /* Sources */,
				F85A70A42EE12D2E0039EFCF /* Frameworks */,
				F85A70A52EE12D2E0039EFCF /* Resources */,
			);
			buildRules = (
			);
			dependencies = (
			);
			fileSystemSynchronizedGroups = (
				F85A70A92EE12D2E0039EFCF /* Pookie */,
			);
			name = Pookie;
			packageProductDependencies = (
				F85A70D82EE136BA0039EFCF /* Supabase */,
				F85A70DE2EE136BA0039EFCF /* Auth */,
				F85A70E22EE136BA0039EFCF /* PostgREST */,
				F85A70E62EE136BA0039EFCF /* Storage */,
			);
			productName = Pookie;
			productReference = F85A70A72EE12D2E0039EFCF /* Pookie.app */;
			productType = "com.apple.product-type.application";
		};
		F85A70B82EE12D300039EFCF /* PookieTests */ = {
			isa = PBXNativeTarget;
			buildConfigurationList = F85A70D02EE12D300039EFCF /* Build configuration list for PBXNativeTarget "PookieTests" */;
			buildPhases = (
				F85A70B52EE12D300039EFCF /* Sources */,
				F85A70B62EE12D300039EFCF /* Frameworks */,
				F85A70B72EE12D300039EFCF /* Resources */,
			);
			buildRules = (
			);
			dependencies = (
				F85A70BB2EE12D300039EFCF /* PBXTargetDependency */,
			);
			fileSystemSynchronizedGroups = (
				F85A70BC2EE12D300039EFCF /* PookieTests */,
			);
			name = PookieTests;
			packageProductDependencies = (
			);
			productName = PookieTests;
			productReference = F85A70B92EE12D300039EFCF /* PookieTests.xctest */;
			productType = "com.apple.product-type.bundle.unit-test";
		};
		F85A70C22EE12D300039EFCF /* PookieUITests */ = {
			isa = PBXNativeTarget;
			buildConfigurationList = F85A70D32EE12D300039EFCF /* Build configuration list for PBXNativeTarget "PookieUITests" */;
			buildPhases = (
				F85A70BF2EE12D300039EFCF /* Sources */,
				F85A70C02EE12D300039EFCF /* Frameworks */,
				F85A70C12EE12D300039EFCF /* Resources */,
			);
			buildRules = (
			);
			dependencies = (
				F85A70C52EE12D300039EFCF /* PBXTargetDependency */,
			);
			fileSystemSynchronizedGroups = (
				F85A70C62EE12D300039EFCF /* PookieUITests */,
			);
			name = PookieUITests;
			packageProductDependencies = (
			);
			productName = PookieUITests;
			productReference = F85A70C32EE12D300039EFCF /* PookieUITests.xctest */;
			productType = "com.apple.product-type.bundle.ui-testing";
		};
/* End PBXNativeTarget section */

/* Begin PBXProject section */
		F85A709F2EE12D2E0039EFCF /* Project object */ = {
			isa = PBXProject;
			attributes = {
				BuildIndependentTargetsInParallel = 1;
				LastSwiftUpdateCheck = 2610;
				LastUpgradeCheck = 2610;
				TargetAttributes = {
					F85A70A62EE12D2E0039EFCF = {
						CreatedOnToolsVersion = 26.1.1;
					};
					F85A70B82EE12D300039EFCF = {
						CreatedOnToolsVersion = 26.1.1;
						TestTargetID = F85A70A62EE12D2E0039EFCF;
					};
					F85A70C22EE12D300039EFCF = {
						CreatedOnToolsVersion = 26.1.1;
						TestTargetID = F85A70A62EE12D2E0039EFCF;
					};
				};
			};
			buildConfigurationList = F85A70A22EE12D2E0039EFCF /* Build configuration list for PBXProject "Pookie" */;
			developmentRegion = en;
			hasScannedForEncodings = 0;
			knownRegions = (
				en,
				Base,
			);
			mainGroup = F85A709E2EE12D2E0039EFCF;
			minimizedProjectReferenceProxies = 1;
			packageReferences = (
				F85A70DC2EE1331D0039EFCF /* XCRemoteSwiftPackageReference "swift-algorithms" */,
				F85A70DD2EE136BA0039EFCF /* XCRemoteSwiftPackageReference "supabase-swift" */,
			);
			preferredProjectObjectVersion = 77;
			productRefGroup = F85A70A82EE12D2E0039EFCF /* Products */;
			projectDirPath = "";
			projectRoot = "";
			targets = (
				F85A70A62EE12D2E0039EFCF /* Pookie */,
				F85A70B82EE12D300039EFCF /* PookieTests */,
				F85A70C22EE12D300039EFCF /* PookieUITests */,
			);
		};
/* End PBXProject section */

/* Begin PBXResourcesBuildPhase section */
		F85A70A52EE12D2E0039EFCF /* Resources */ = {
			isa = PBXResourcesBuildPhase;
			buildActionMask = 2147483647;
			files = (
			);
			runOnlyForDeploymentPostprocessing = 0;
		};
		F85A70B72EE12D300039EFCF /* Resources */ = {
			isa = PBXResourcesBuildPhase;
			buildActionMask = 2147483647;
			files = (
			);
			runOnlyForDeploymentPostprocessing = 0;
		};
		F85A70C12EE12D300039EFCF /* Resources */ = {
			isa = PBXResourcesBuildPhase;
			buildActionMask = 2147483647;
			files = (
			);
			runOnlyForDeploymentPostprocessing = 0;
		};
/* End PBXResourcesBuildPhase section */

/* Begin PBXSourcesBuildPhase section */
		F85A70A32EE12D2E0039EFCF /* Sources */ = {
			isa = PBXSourcesBuildPhase;
			buildActionMask = 2147483647;
			files = (
			);
			runOnlyForDeploymentPostprocessing = 0;
		};
		F85A70B52EE12D300039EFCF /* Sources */ = {
			isa = PBXSourcesBuildPhase;
			buildActionMask = 2147483647;
			files = (
			);
			runOnlyForDeploymentPostprocessing = 0;
		};
		F85A70BF2EE12D300039EFCF /* Sources */ = {
			isa = PBXSourcesBuildPhase;
			buildActionMask = 2147483647;
			files = (
			);
			runOnlyForDeploymentPostprocessing = 0;
		};
/* End PBXSourcesBuildPhase section */

/* Begin PBXTargetDependency section */
		F85A70BB2EE12D300039EFCF /* PBXTargetDependency */ = {
			isa = PBXTargetDependency;
			target = F85A70A62EE12D2E0039EFCF /* Pookie */;
			targetProxy = F85A70BA2EE12D300039EFCF /* PBXContainerItemProxy */;
		};
		F85A70C52EE12D300039EFCF /* PBXTargetDependency */ = {
			isa = PBXTargetDependency;
			target = F85A70A62EE12D2E0039EFCF /* Pookie */;
			targetProxy = F85A70C42EE12D300039EFCF /* PBXContainerItemProxy */;
		};
/* End PBXTargetDependency section */

/* Begin XCBuildConfiguration section */
		F85A70CB2EE12D300039EFCF /* Debug */ = {
			isa = XCBuildConfiguration;
			buildSettings = {
				ALWAYS_SEARCH_USER_PATHS = NO;
				ASSETCATALOG_COMPILER_GENERATE_SWIFT_ASSET_SYMBOL_EXTENSIONS = YES;
				CLANG_ANALYZER_NONNULL = YES;
				CLANG_ANALYZER_NUMBER_OBJECT_CONVERSION = YES_AGGRESSIVE;
				CLANG_CXX_LANGUAGE_STANDARD = "gnu++20";
				CLANG_ENABLE_MODULES = YES;
				CLANG_ENABLE_OBJC_ARC = YES;
				CLANG_ENABLE_OBJC_WEAK = YES;
				CLANG_WARN_BLOCK_CAPTURE_AUTORELEASING = YES;
				CLANG_WARN_BOOL_CONVERSION = YES;
				CLANG_WARN_COMMA = YES;
				CLANG_WARN_CONSTANT_CONVERSION = YES;
				CLANG_WARN_DEPRECATED_OBJC_IMPLEMENTATIONS = YES;
				CLANG_WARN_DIRECT_OBJC_ISA_USAGE = YES_ERROR;
				CLANG_WARN_DOCUMENTATION_COMMENTS = YES;
				CLANG_WARN_EMPTY_BODY = YES;
				CLANG_WARN_ENUM_CONVERSION = YES;
				CLANG_WARN_INFINITE_RECURSION = YES;
				CLANG_WARN_INT_CONVERSION = YES;
				CLANG_WARN_NON_LITERAL_NULL_CONVERSION = YES;
				CLANG_WARN_OBJC_IMPLICIT_RETAIN_SELF = YES;
				CLANG_WARN_OBJC_LITERAL_CONVERSION = YES;
				CLANG_WARN_OBJC_ROOT_CLASS = YES_ERROR;
				CLANG_WARN_QUOTED_INCLUDE_IN_FRAMEWORK_HEADER = YES;
				CLANG_WARN_RANGE_LOOP_ANALYSIS = YES;
				CLANG_WARN_STRICT_PROTOTYPES = YES;
				CLANG_WARN_SUSPICIOUS_MOVE = YES;
				CLANG_WARN_UNGUARDED_AVAILABILITY = YES_AGGRESSIVE;
				CLANG_WARN_UNREACHABLE_CODE = YES;
				CLANG_WARN__DUPLICATE_METHOD_MATCH = YES;
				COPY_PHASE_STRIP = NO;
				DEBUG_INFORMATION_FORMAT = dwarf;
				DEVELOPMENT_TEAM = C2QJ7H5Z99;
				ENABLE_STRICT_OBJC_MSGSEND = YES;
				ENABLE_TESTABILITY = YES;
				ENABLE_USER_SCRIPT_SANDBOXING = YES;
				GCC_C_LANGUAGE_STANDARD = gnu17;
				GCC_DYNAMIC_NO_PIC = NO;
				GCC_NO_COMMON_BLOCKS = YES;
				GCC_OPTIMIZATION_LEVEL = 0;
				GCC_PREPROCESSOR_DEFINITIONS = (
					"DEBUG=1",
					"$(inherited)",
				);
				GCC_WARN_64_TO_32_BIT_CONVERSION = YES;
				GCC_WARN_ABOUT_RETURN_TYPE = YES_ERROR;
				GCC_WARN_UNDECLARED_SELECTOR = YES;
				GCC_WARN_UNINITIALIZED_AUTOS = YES_AGGRESSIVE;
				GCC_WARN_UNUSED_FUNCTION = YES;
				GCC_WARN_UNUSED_VARIABLE = YES;
				IPHONEOS_DEPLOYMENT_TARGET = 17.0;
				LOCALIZATION_PREFERS_STRING_CATALOGS = YES;
				MTL_ENABLE_DEBUG_INFO = INCLUDE_SOURCE;
				MTL_FAST_MATH = YES;
				ONLY_ACTIVE_ARCH = YES;
				SDKROOT = iphoneos;
				SWIFT_ACTIVE_COMPILATION_CONDITIONS = "DEBUG $(inherited)";
				SWIFT_OPTIMIZATION_LEVEL = "-Onone";
			};
			name = Debug;
		};
		F85A70CC2EE12D300039EFCF /* Release */ = {
			isa = XCBuildConfiguration;
			buildSettings = {
				ALWAYS_SEARCH_USER_PATHS = NO;
				ASSETCATALOG_COMPILER_GENERATE_SWIFT_ASSET_SYMBOL_EXTENSIONS = YES;
				CLANG_ANALYZER_NONNULL = YES;
				CLANG_ANALYZER_NUMBER_OBJECT_CONVERSION = YES_AGGRESSIVE;
				CLANG_CXX_LANGUAGE_STANDARD = "gnu++20";
				CLANG_ENABLE_MODULES = YES;
				CLANG_ENABLE_OBJC_ARC = YES;
				CLANG_ENABLE_OBJC_WEAK = YES;
				CLANG_WARN_BLOCK_CAPTURE_AUTORELEASING = YES;
				CLANG_WARN_BOOL_CONVERSION = YES;
				CLANG_WARN_COMMA = YES;
				CLANG_WARN_CONSTANT_CONVERSION = YES;
				CLANG_WARN_DEPRECATED_OBJC_IMPLEMENTATIONS = YES;
				CLANG_WARN_DIRECT_OBJC_ISA_USAGE = YES_ERROR;
				CLANG_WARN_DOCUMENTATION_COMMENTS = YES;
				CLANG_WARN_EMPTY_BODY = YES;
				CLANG_WARN_ENUM_CONVERSION = YES;
				CLANG_WARN_INFINITE_RECURSION = YES;
				CLANG_WARN_INT_CONVERSION = YES;
				CLANG_WARN_NON_LITERAL_NULL_CONVERSION = YES;
				CLANG_WARN_OBJC_IMPLICIT_RETAIN_SELF = YES;
				CLANG_WARN_OBJC_LITERAL_CONVERSION = YES;
				CLANG_WARN_OBJC_ROOT_CLASS = YES_ERROR;
				CLANG_WARN_QUOTED_INCLUDE_IN_FRAMEWORK_HEADER = YES;
				CLANG_WARN_RANGE_LOOP_ANALYSIS = YES;
				CLANG_WARN_STRICT_PROTOTYPES = YES;
				CLANG_WARN_SUSPICIOUS_MOVE = YES;
				CLANG_WARN_UNGUARDED_AVAILABILITY = YES_AGGRESSIVE;
				CLANG_WARN_UNREACHABLE_CODE = YES;
				CLANG_WARN__DUPLICATE_METHOD_MATCH = YES;
				COPY_PHASE_STRIP = NO;
				DEBUG_INFORMATION_FORMAT = "dwarf-with-dsym";
				DEVELOPMENT_TEAM = C2QJ7H5Z99;
				ENABLE_NS_ASSERTIONS = NO;
				ENABLE_STRICT_OBJC_MSGSEND = YES;
				ENABLE_USER_SCRIPT_SANDBOXING = YES;
				GCC_C_LANGUAGE_STANDARD = gnu17;
				GCC_NO_COMMON_BLOCKS = YES;
				GCC_WARN_64_TO_32_BIT_CONVERSION = YES;
				GCC_WARN_ABOUT_RETURN_TYPE = YES_ERROR;
				GCC_WARN_UNDECLARED_SELECTOR = YES;
				GCC_WARN_UNINITIALIZED_AUTOS = YES_AGGRESSIVE;
				GCC_WARN_UNUSED_FUNCTION = YES;
				GCC_WARN_UNUSED_VARIABLE = YES;
				IPHONEOS_DEPLOYMENT_TARGET = 17.0;
				LOCALIZATION_PREFERS_STRING_CATALOGS = YES;
				MTL_ENABLE_DEBUG_INFO = NO;
				MTL_FAST_MATH = YES;
				SDKROOT = iphoneos;
				SWIFT_COMPILATION_MODE = wholemodule;
				VALIDATE_PRODUCT = YES;
			};
			name = Release;
		};
		F85A70CE2EE12D300039EFCF /* Debug */ = {
			isa = XCBuildConfiguration;
			buildSettings = {
				ASSETCATALOG_COMPILER_APPICON_NAME = AppIcon;
				ASSETCATALOG_COMPILER_GLOBAL_ACCENT_COLOR_NAME = AccentColor;
				CODE_SIGN_STYLE = Automatic;
				CURRENT_PROJECT_VERSION = 1;
				DEVELOPMENT_TEAM = C2QJ7H5Z99;
				ENABLE_PREVIEWS = YES;
				GENERATE_INFOPLIST_FILE = YES;
				INFOPLIST_KEY_UIApplicationSceneManifest_Generation = YES;
				INFOPLIST_KEY_UIApplicationSupportsIndirectInputEvents = YES;
				INFOPLIST_KEY_UILaunchScreen_Generation = YES;
				INFOPLIST_KEY_UISupportedInterfaceOrientations_iPad = "UIInterfaceOrientationPortrait UIInterfaceOrientationPortraitUpsideDown UIInterfaceOrientationLandscapeLeft UIInterfaceOrientationLandscapeRight";
				INFOPLIST_KEY_UISupportedInterfaceOrientations_iPhone = "UIInterfaceOrientationPortrait UIInterfaceOrientationLandscapeLeft UIInterfaceOrientationLandscapeRight";
				LD_RUNPATH_SEARCH_PATHS = (
					"$(inherited)",
					"@executable_path/Frameworks",
				);
				MARKETING_VERSION = 1.0;
				PRODUCT_BUNDLE_IDENTIFIER = misc.inc.Pookie;
				PRODUCT_NAME = "$(TARGET_NAME)";
				STRING_CATALOG_GENERATE_SYMBOLS = YES;
				SWIFT_APPROACHABLE_CONCURRENCY = YES;
				SWIFT_DEFAULT_ACTOR_ISOLATION = MainActor;
				SWIFT_EMIT_LOC_STRINGS = YES;
				SWIFT_UPCOMING_FEATURE_MEMBER_IMPORT_VISIBILITY = YES;
				SWIFT_VERSION = 5.0;
				TARGETED_DEVICE_FAMILY = "1,2";
			};
			name = Debug;
		};
		F85A70CF2EE12D300039EFCF /* Release */ = {
			isa = XCBuildConfiguration;
			buildSettings = {
				ASSETCATALOG_COMPILER_APPICON_NAME = AppIcon;
				ASSETCATALOG_COMPILER_GLOBAL_ACCENT_COLOR_NAME = AccentColor;
				CODE_SIGN_STYLE = Automatic;
				CURRENT_PROJECT_VERSION = 1;
				DEVELOPMENT_TEAM = C2QJ7H5Z99;
				ENABLE_PREVIEWS = YES;
				GENERATE_INFOPLIST_FILE = YES;
				INFOPLIST_KEY_UIApplicationSceneManifest_Generation = YES;
				INFOPLIST_KEY_UIApplicationSupportsIndirectInputEvents = YES;
				INFOPLIST_KEY_UILaunchScreen_Generation = YES;
				INFOPLIST_KEY_UISupportedInterfaceOrientations_iPad = "UIInterfaceOrientationPortrait UIInterfaceOrientationPortraitUpsideDown UIInterfaceOrientationLandscapeLeft UIInterfaceOrientationLandscapeRight";
				INFOPLIST_KEY_UISupportedInterfaceOrientations_iPhone = "UIInterfaceOrientationPortrait UIInterfaceOrientationLandscapeLeft UIInterfaceOrientationLandscapeRight";
				LD_RUNPATH_SEARCH_PATHS = (
					"$(inherited)",
					"@executable_path/Frameworks",
				);
				MARKETING_VERSION = 1.0;
				PRODUCT_BUNDLE_IDENTIFIER = misc.inc.Pookie;
				PRODUCT_NAME = "$(TARGET_NAME)";
				STRING_CATALOG_GENERATE_SYMBOLS = YES;
				SWIFT_APPROACHABLE_CONCURRENCY = YES;
				SWIFT_DEFAULT_ACTOR_ISOLATION = MainActor;
				SWIFT_EMIT_LOC_STRINGS = YES;
				SWIFT_UPCOMING_FEATURE_MEMBER_IMPORT_VISIBILITY = YES;
				SWIFT_VERSION = 5.0;
				TARGETED_DEVICE_FAMILY = "1,2";
			};
			name = Release;
		};
		F85A70D12EE12D300039EFCF /* Debug */ = {
			isa = XCBuildConfiguration;
			buildSettings = {
				BUNDLE_LOADER = "$(TEST_HOST)";
				CODE_SIGN_STYLE = Automatic;
				CURRENT_PROJECT_VERSION = 1;
				DEVELOPMENT_TEAM = C2QJ7H5Z99;
				GENERATE_INFOPLIST_FILE = YES;
				IPHONEOS_DEPLOYMENT_TARGET = 17.0;
				MARKETING_VERSION = 1.0;
				PRODUCT_BUNDLE_IDENTIFIER = misc.inc.PookieTests;
				PRODUCT_NAME = "$(TARGET_NAME)";
				STRING_CATALOG_GENERATE_SYMBOLS = NO;
				SWIFT_APPROACHABLE_CONCURRENCY = YES;
				SWIFT_EMIT_LOC_STRINGS = NO;
				SWIFT_UPCOMING_FEATURE_MEMBER_IMPORT_VISIBILITY = YES;
				SWIFT_VERSION = 5.0;
				TARGETED_DEVICE_FAMILY = "1,2";
				TEST_HOST = "$(BUILT_PRODUCTS_DIR)/Pookie.app/$(BUNDLE_EXECUTABLE_FOLDER_PATH)/Pookie";
			};
			name = Debug;
		};
		F85A70D22EE12D300039EFCF /* Release */ = {
			isa = XCBuildConfiguration;
			buildSettings = {
				BUNDLE_LOADER = "$(TEST_HOST)";
				CODE_SIGN_STYLE = Automatic;
				CURRENT_PROJECT_VERSION = 1;
				DEVELOPMENT_TEAM = C2QJ7H5Z99;
				GENERATE_INFOPLIST_FILE = YES;
				IPHONEOS_DEPLOYMENT_TARGET = 17.0;
				MARKETING_VERSION = 1.0;
				PRODUCT_BUNDLE_IDENTIFIER = misc.inc.PookieTests;
				PRODUCT_NAME = "$(TARGET_NAME)";
				STRING_CATALOG_GENERATE_SYMBOLS = NO;
				SWIFT_APPROACHABLE_CONCURRENCY = YES;
				SWIFT_EMIT_LOC_STRINGS = NO;
				SWIFT_UPCOMING_FEATURE_MEMBER_IMPORT_VISIBILITY = YES;
				SWIFT_VERSION = 5.0;
				TARGETED_DEVICE_FAMILY = "1,2";
				TEST_HOST = "$(BUILT_PRODUCTS_DIR)/Pookie.app/$(BUNDLE_EXECUTABLE_FOLDER_PATH)/Pookie";
			};
			name = Release;
		};
		F85A70D42EE12D300039EFCF /* Debug */ = {
			isa = XCBuildConfiguration;
			buildSettings = {
				CODE_SIGN_STYLE = Automatic;
				CURRENT_PROJECT_VERSION = 1;
				DEVELOPMENT_TEAM = C2QJ7H5Z99;
				GENERATE_INFOPLIST_FILE = YES;
				MARKETING_VERSION = 1.0;
				PRODUCT_BUNDLE_IDENTIFIER = misc.inc.PookieUITests;
				PRODUCT_NAME = "$(TARGET_NAME)";
				STRING_CATALOG_GENERATE_SYMBOLS = NO;
				SWIFT_APPROACHABLE_CONCURRENCY = YES;
				SWIFT_EMIT_LOC_STRINGS = NO;
				SWIFT_UPCOMING_FEATURE_MEMBER_IMPORT_VISIBILITY = YES;
				SWIFT_VERSION = 5.0;
				TARGETED_DEVICE_FAMILY = "1,2";
				TEST_TARGET_NAME = Pookie;
			};
			name = Debug;
		};
		F85A70D52EE12D300039EFCF /* Release */ = {
			isa = XCBuildConfiguration;
			buildSettings = {
				CODE_SIGN_STYLE = Automatic;
				CURRENT_PROJECT_VERSION = 1;
				DEVELOPMENT_TEAM = C2QJ7H5Z99;
				GENERATE_INFOPLIST_FILE = YES;
				MARKETING_VERSION = 1.0;
				PRODUCT_BUNDLE_IDENTIFIER = misc.inc.PookieUITests;
				PRODUCT_NAME = "$(TARGET_NAME)";
				STRING_CATALOG_GENERATE_SYMBOLS = NO;
				SWIFT_APPROACHABLE_CONCURRENCY = YES;
				SWIFT_EMIT_LOC_STRINGS = NO;
				SWIFT_UPCOMING_FEATURE_MEMBER_IMPORT_VISIBILITY = YES;
				SWIFT_VERSION = 5.0;
				TARGETED_DEVICE_FAMILY = "1,2";
				TEST_TARGET_NAME = Pookie;
			};
			name = Release;
		};
/* End XCBuildConfiguration section */

/* Begin XCConfigurationList section */
		F85A70A22EE12D2E0039EFCF /* Build configuration list for PBXProject "Pookie" */ = {
			isa = XCConfigurationList;
			buildConfigurations = (
				F85A70CB2EE12D300039EFCF /* Debug */,
				F85A70CC2EE12D300039EFCF /* Release */,
			);
			defaultConfigurationIsVisible = 0;
			defaultConfigurationName = Release;
		};
		F85A70CD2EE12D300039EFCF /* Build configuration list for PBXNativeTarget "Pookie" */ = {
			isa = XCConfigurationList;
			buildConfigurations = (
				F85A70CE2EE12D300039EFCF /* Debug */,
				F85A70CF2EE12D300039EFCF /* Release */,
			);
			defaultConfigurationIsVisible = 0;
			defaultConfigurationName = Release;
		};
		F85A70D02EE12D300039EFCF /* Build configuration list for PBXNativeTarget "PookieTests" */ = {
			isa = XCConfigurationList;
			buildConfigurations = (
				F85A70D12EE12D300039EFCF /* Debug */,
				F85A70D22EE12D300039EFCF /* Release */,
			);
			defaultConfigurationIsVisible = 0;
			defaultConfigurationName = Release;
		};
		F85A70D32EE12D300039EFCF /* Build configuration list for PBXNativeTarget "PookieUITests" */ = {
			isa = XCConfigurationList;
			buildConfigurations = (
				F85A70D42EE12D300039EFCF /* Debug */,
				F85A70D52EE12D300039EFCF /* Release */,
			);
			defaultConfigurationIsVisible = 0;
			defaultConfigurationName = Release;
		};
/* End XCConfigurationList section */

/* Begin XCRemoteSwiftPackageReference section */
		F85A70DC2EE1331D0039EFCF /* XCRemoteSwiftPackageReference "swift-algorithms" */ = {
			isa = XCRemoteSwiftPackageReference;
			repositoryURL = "https://github.com/apple/swift-algorithms.git";
			requirement = {
				kind = upToNextMajorVersion;
				minimumVersion = 1.2.1;
			};
		};
		F85A70DD2EE136BA0039EFCF /* XCRemoteSwiftPackageReference "supabase-swift" */ = {
			isa = XCRemoteSwiftPackageReference;
			repositoryURL = "https://github.com/supabase/supabase-swift";
			requirement = {
				kind = upToNextMajorVersion;
				minimumVersion = 2.5.1;
			};
		};
/* End XCRemoteSwiftPackageReference section */

/* Begin XCSwiftPackageProductDependency section */
		F85A70D82EE136BA0039EFCF /* Supabase */ = {
			isa = XCSwiftPackageProductDependency;
			package = F85A70DD2EE136BA0039EFCF /* XCRemoteSwiftPackageReference "supabase-swift" */;
			productName = Supabase;
		};
		F85A70DE2EE136BA0039EFCF /* Auth */ = {
			isa = XCSwiftPackageProductDependency;
			package = F85A70DD2EE136BA0039EFCF /* XCRemoteSwiftPackageReference "supabase-swift" */;
			productName = Auth;
		};
		F85A70E22EE136BA0039EFCF /* PostgREST */ = {
			isa = XCSwiftPackageProductDependency;
			package = F85A70DD2EE136BA0039EFCF /* XCRemoteSwiftPackageReference "supabase-swift" */;
			productName = PostgREST;
		};
		F85A70E62EE136BA0039EFCF /* Storage */ = {
			isa = XCSwiftPackageProductDependency;
			package = F85A70DD2EE136BA0039EFCF /* XCRemoteSwiftPackageReference "supabase-swift" */;
			productName = Storage;
		};
/* End XCSwiftPackageProductDependency section */
	};
	rootObject = F85A709F2EE12D2E0039EFCF /* Project object */;
}
